// !$*UTF8*$!
{
	archiveVersion = 1;
	classes = {
	};
	objectVersion = 48;
	objects = {

/* Begin PBXBuildFile section */
		B08C09F61FF795FF000A305F /* History.swift in Sources */ = {isa = PBXBuildFile; fileRef = B08C09F51FF795FF000A305F /* History.swift */; };
		B08C09F81FF7964F000A305F /* Theme.swift in Sources */ = {isa = PBXBuildFile; fileRef = B08C09F71FF7964F000A305F /* Theme.swift */; };
		B08C09FA1FF79B70000A305F /* HistoryTest.swift in Sources */ = {isa = PBXBuildFile; fileRef = B08C09F91FF79B70000A305F /* HistoryTest.swift */; };
		B0990F301FF6E32A00D5FC43 /* AppDelegate.swift in Sources */ = {isa = PBXBuildFile; fileRef = B0990F2F1FF6E32A00D5FC43 /* AppDelegate.swift */; };
		B0990F321FF6E32A00D5FC43 /* ViewController.swift in Sources */ = {isa = PBXBuildFile; fileRef = B0990F311FF6E32A00D5FC43 /* ViewController.swift */; };
		B0990F351FF6E32A00D5FC43 /* Main.storyboard in Resources */ = {isa = PBXBuildFile; fileRef = B0990F331FF6E32A00D5FC43 /* Main.storyboard */; };
		B0990F371FF6E32A00D5FC43 /* Assets.xcassets in Resources */ = {isa = PBXBuildFile; fileRef = B0990F361FF6E32A00D5FC43 /* Assets.xcassets */; };
		B0990F3A1FF6E32B00D5FC43 /* LaunchScreen.storyboard in Resources */ = {isa = PBXBuildFile; fileRef = B0990F381FF6E32B00D5FC43 /* LaunchScreen.storyboard */; };
		B0990F451FF6E32B00D5FC43 /* FizzBuzzTests.swift in Sources */ = {isa = PBXBuildFile; fileRef = B0990F441FF6E32B00D5FC43 /* FizzBuzzTests.swift */; };
		B0990F501FF6E3BD00D5FC43 /* Brain.swift in Sources */ = {isa = PBXBuildFile; fileRef = B0990F4F1FF6E3BD00D5FC43 /* Brain.swift */; };
		B0990F521FF6EE4100D5FC43 /* FBType.swift in Sources */ = {isa = PBXBuildFile; fileRef = B0990F511FF6EE4100D5FC43 /* FBType.swift */; };
		B0990F541FF6F35600D5FC43 /* Game.swift in Sources */ = {isa = PBXBuildFile; fileRef = B0990F531FF6F35600D5FC43 /* Game.swift */; };
		B0990F561FF6F46200D5FC43 /* GameTest.swift in Sources */ = {isa = PBXBuildFile; fileRef = B0990F551FF6F46200D5FC43 /* GameTest.swift */; };
		B0990F671FF701F300D5FC43 /* FizzBuzzUITest.swift in Sources */ = {isa = PBXBuildFile; fileRef = B0990F571FF6FD8B00D5FC43 /* FizzBuzzUITest.swift */; };
		B0990F691FF7056900D5FC43 /* UIButtonExtension.swift in Sources */ = {isa = PBXBuildFile; fileRef = B0990F681FF7056900D5FC43 /* UIButtonExtension.swift */; };
		B0F3B4921FF7F7F900AA0A9F /* fbScreenshot.png in Resources */ = {isa = PBXBuildFile; fileRef = B0F3B4911FF7F7F900AA0A9F /* fbScreenshot.png */; };
/* End PBXBuildFile section */

/* Begin PBXContainerItemProxy section */
		B0990F411FF6E32B00D5FC43 /* PBXContainerItemProxy */ = {
			isa = PBXContainerItemProxy;
			containerPortal = B0990F241FF6E32A00D5FC43 /* Project object */;
			proxyType = 1;
			remoteGlobalIDString = B0990F2B1FF6E32A00D5FC43;
			remoteInfo = FizzBuzz;
		};
		B0990F621FF701EC00D5FC43 /* PBXContainerItemProxy */ = {
			isa = PBXContainerItemProxy;
			containerPortal = B0990F241FF6E32A00D5FC43 /* Project object */;
			proxyType = 1;
			remoteGlobalIDString = B0990F2B1FF6E32A00D5FC43;
			remoteInfo = FizzBuzz;
		};
/* End PBXContainerItemProxy section */

/* Begin PBXFileReference section */
		B08C09F51FF795FF000A305F /* History.swift */ = {isa = PBXFileReference; lastKnownFileType = sourcecode.swift; path = History.swift; sourceTree = "<group>"; };
		B08C09F71FF7964F000A305F /* Theme.swift */ = {isa = PBXFileReference; lastKnownFileType = sourcecode.swift; path = Theme.swift; sourceTree = "<group>"; };
		B08C09F91FF79B70000A305F /* HistoryTest.swift */ = {isa = PBXFileReference; lastKnownFileType = sourcecode.swift; path = HistoryTest.swift; sourceTree = "<group>"; };
		B0990F2C1FF6E32A00D5FC43 /* FizzBuzz.app */ = {isa = PBXFileReference; explicitFileType = wrapper.application; includeInIndex = 0; path = FizzBuzz.app; sourceTree = BUILT_PRODUCTS_DIR; };
		B0990F2F1FF6E32A00D5FC43 /* AppDelegate.swift */ = {isa = PBXFileReference; lastKnownFileType = sourcecode.swift; path = AppDelegate.swift; sourceTree = "<group>"; };
		B0990F311FF6E32A00D5FC43 /* ViewController.swift */ = {isa = PBXFileReference; lastKnownFileType = sourcecode.swift; path = ViewController.swift; sourceTree = "<group>"; };
		B0990F341FF6E32A00D5FC43 /* Base */ = {isa = PBXFileReference; lastKnownFileType = file.storyboard; name = Base; path = Base.lproj/Main.storyboard; sourceTree = "<group>"; };
		B0990F361FF6E32A00D5FC43 /* Assets.xcassets */ = {isa = PBXFileReference; lastKnownFileType = folder.assetcatalog; path = Assets.xcassets; sourceTree = "<group>"; };
		B0990F391FF6E32B00D5FC43 /* Base */ = {isa = PBXFileReference; lastKnownFileType = file.storyboard; name = Base; path = Base.lproj/LaunchScreen.storyboard; sourceTree = "<group>"; };
		B0990F3B1FF6E32B00D5FC43 /* Info.plist */ = {isa = PBXFileReference; lastKnownFileType = text.plist.xml; path = Info.plist; sourceTree = "<group>"; };
		B0990F401FF6E32B00D5FC43 /* FizzBuzzTests.xctest */ = {isa = PBXFileReference; explicitFileType = wrapper.cfbundle; includeInIndex = 0; path = FizzBuzzTests.xctest; sourceTree = BUILT_PRODUCTS_DIR; };
		B0990F441FF6E32B00D5FC43 /* FizzBuzzTests.swift */ = {isa = PBXFileReference; lastKnownFileType = sourcecode.swift; path = FizzBuzzTests.swift; sourceTree = "<group>"; };
		B0990F461FF6E32B00D5FC43 /* Info.plist */ = {isa = PBXFileReference; lastKnownFileType = text.plist.xml; path = Info.plist; sourceTree = "<group>"; };
		B0990F4F1FF6E3BD00D5FC43 /* Brain.swift */ = {isa = PBXFileReference; lastKnownFileType = sourcecode.swift; path = Brain.swift; sourceTree = "<group>"; };
		B0990F511FF6EE4100D5FC43 /* FBType.swift */ = {isa = PBXFileReference; lastKnownFileType = sourcecode.swift; path = FBType.swift; sourceTree = "<group>"; };
		B0990F531FF6F35600D5FC43 /* Game.swift */ = {isa = PBXFileReference; lastKnownFileType = sourcecode.swift; path = Game.swift; sourceTree = "<group>"; };
		B0990F551FF6F46200D5FC43 /* GameTest.swift */ = {isa = PBXFileReference; lastKnownFileType = sourcecode.swift; path = GameTest.swift; sourceTree = "<group>"; };
		B0990F571FF6FD8B00D5FC43 /* FizzBuzzUITest.swift */ = {isa = PBXFileReference; lastKnownFileType = sourcecode.swift; path = FizzBuzzUITest.swift; sourceTree = "<group>"; };
		B0990F5D1FF701EC00D5FC43 /* FizzBuzzUITests.xctest */ = {isa = PBXFileReference; explicitFileType = wrapper.cfbundle; includeInIndex = 0; path = FizzBuzzUITests.xctest; sourceTree = BUILT_PRODUCTS_DIR; };
		B0990F611FF701EC00D5FC43 /* Info.plist */ = {isa = PBXFileReference; lastKnownFileType = text.plist.xml; path = Info.plist; sourceTree = "<group>"; };
		B0990F681FF7056900D5FC43 /* UIButtonExtension.swift */ = {isa = PBXFileReference; lastKnownFileType = sourcecode.swift; path = UIButtonExtension.swift; sourceTree = "<group>"; };
		B0990F6A1FF7073000D5FC43 /* README.md */ = {isa = PBXFileReference; lastKnownFileType = net.daringfireball.markdown; path = README.md; sourceTree = "<group>"; };
		B0F3B4911FF7F7F900AA0A9F /* fbScreenshot.png */ = {isa = PBXFileReference; lastKnownFileType = image.png; path = fbScreenshot.png; sourceTree = "<group>"; };
/* End PBXFileReference section */

/* Begin PBXFrameworksBuildPhase section */
		B0990F291FF6E32A00D5FC43 /* Frameworks */ = {
			isa = PBXFrameworksBuildPhase;
			buildActionMask = 2147483647;
			files = (
			);
			runOnlyForDeploymentPostprocessing = 0;
		};
		B0990F3D1FF6E32B00D5FC43 /* Frameworks */ = {
			isa = PBXFrameworksBuildPhase;
			buildActionMask = 2147483647;
			files = (
			);
			runOnlyForDeploymentPostprocessing = 0;
		};
		B0990F5A1FF701EC00D5FC43 /* Frameworks */ = {
			isa = PBXFrameworksBuildPhase;
			buildActionMask = 2147483647;
			files = (
			);
			runOnlyForDeploymentPostprocessing = 0;
		};
/* End PBXFrameworksBuildPhase section */

/* Begin PBXGroup section */
		B08C09FB1FF7A9A3000A305F /* Logic */ = {
			isa = PBXGroup;
			children = (
				B0990F531FF6F35600D5FC43 /* Game.swift */,
				B0990F4F1FF6E3BD00D5FC43 /* Brain.swift */,
				B08C09F51FF795FF000A305F /* History.swift */,
				B0990F511FF6EE4100D5FC43 /* FBType.swift */,
			);
			path = Logic;
			sourceTree = "<group>";
		};
		B08C09FC1FF7A9BD000A305F /* UI Helper */ = {
			isa = PBXGroup;
			children = (
				B0990F681FF7056900D5FC43 /* UIButtonExtension.swift */,
				B08C09F71FF7964F000A305F /* Theme.swift */,
			);
			path = "UI Helper";
			sourceTree = "<group>";
		};
		B0990F231FF6E32A00D5FC43 = {
			isa = PBXGroup;
			children = (
				B0990F6A1FF7073000D5FC43 /* README.md */,
				B0F3B4911FF7F7F900AA0A9F /* fbScreenshot.png */,
				B0990F2E1FF6E32A00D5FC43 /* FizzBuzz */,
				B0990F431FF6E32B00D5FC43 /* FizzBuzzTests */,
				B0990F5E1FF701EC00D5FC43 /* FizzBuzzUITests */,
				B0990F2D1FF6E32A00D5FC43 /* Products */,
			);
			sourceTree = "<group>";
		};
		B0990F2D1FF6E32A00D5FC43 /* Products */ = {
			isa = PBXGroup;
			children = (
				B0990F2C1FF6E32A00D5FC43 /* FizzBuzz.app */,
				B0990F401FF6E32B00D5FC43 /* FizzBuzzTests.xctest */,
				B0990F5D1FF701EC00D5FC43 /* FizzBuzzUITests.xctest */,
			);
			name = Products;
			sourceTree = "<group>";
		};
		B0990F2E1FF6E32A00D5FC43 /* FizzBuzz */ = {
			isa = PBXGroup;
			children = (
				B0990F2F1FF6E32A00D5FC43 /* AppDelegate.swift */,
				B0990F311FF6E32A00D5FC43 /* ViewController.swift */,
				B0990F331FF6E32A00D5FC43 /* Main.storyboard */,
				B0990F361FF6E32A00D5FC43 /* Assets.xcassets */,
				B0990F381FF6E32B00D5FC43 /* LaunchScreen.storyboard */,
				B0990F3B1FF6E32B00D5FC43 /* Info.plist */,
				B08C09FB1FF7A9A3000A305F /* Logic */,
				B08C09FC1FF7A9BD000A305F /* UI Helper */,
			);
			path = FizzBuzz;
			sourceTree = "<group>";
		};
		B0990F431FF6E32B00D5FC43 /* FizzBuzzTests */ = {
			isa = PBXGroup;
			children = (
				B0990F441FF6E32B00D5FC43 /* FizzBuzzTests.swift */,
				B0990F461FF6E32B00D5FC43 /* Info.plist */,
				B0990F551FF6F46200D5FC43 /* GameTest.swift */,
				B08C09F91FF79B70000A305F /* HistoryTest.swift */,
			);
			path = FizzBuzzTests;
			sourceTree = "<group>";
		};
		B0990F5E1FF701EC00D5FC43 /* FizzBuzzUITests */ = {
			isa = PBXGroup;
			children = (
				B0990F571FF6FD8B00D5FC43 /* FizzBuzzUITest.swift */,
				B0990F611FF701EC00D5FC43 /* Info.plist */,
			);
			path = FizzBuzzUITests;
			sourceTree = "<group>";
		};
/* End PBXGroup section */

/* Begin PBXNativeTarget section */
		B0990F2B1FF6E32A00D5FC43 /* FizzBuzz */ = {
			isa = PBXNativeTarget;
			buildConfigurationList = B0990F491FF6E32B00D5FC43 /* Build configuration list for PBXNativeTarget "FizzBuzz" */;
			buildPhases = (
				B0990F281FF6E32A00D5FC43 /* Sources */,
				B0990F291FF6E32A00D5FC43 /* Frameworks */,
				B0990F2A1FF6E32A00D5FC43 /* Resources */,
			);
			buildRules = (
			);
			dependencies = (
			);
			name = FizzBuzz;
			productName = FizzBuzz;
			productReference = B0990F2C1FF6E32A00D5FC43 /* FizzBuzz.app */;
			productType = "com.apple.product-type.application";
		};
		B0990F3F1FF6E32B00D5FC43 /* FizzBuzzTests */ = {
			isa = PBXNativeTarget;
			buildConfigurationList = B0990F4C1FF6E32B00D5FC43 /* Build configuration list for PBXNativeTarget "FizzBuzzTests" */;
			buildPhases = (
				B0990F3C1FF6E32B00D5FC43 /* Sources */,
				B0990F3D1FF6E32B00D5FC43 /* Frameworks */,
				B0990F3E1FF6E32B00D5FC43 /* Resources */,
			);
			buildRules = (
			);
			dependencies = (
				B0990F421FF6E32B00D5FC43 /* PBXTargetDependency */,
			);
			name = FizzBuzzTests;
			productName = FizzBuzzTests;
			productReference = B0990F401FF6E32B00D5FC43 /* FizzBuzzTests.xctest */;
			productType = "com.apple.product-type.bundle.unit-test";
		};
		B0990F5C1FF701EC00D5FC43 /* FizzBuzzUITests */ = {
			isa = PBXNativeTarget;
			buildConfigurationList = B0990F641FF701EC00D5FC43 /* Build configuration list for PBXNativeTarget "FizzBuzzUITests" */;
			buildPhases = (
				B0990F591FF701EC00D5FC43 /* Sources */,
				B0990F5A1FF701EC00D5FC43 /* Frameworks */,
				B0990F5B1FF701EC00D5FC43 /* Resources */,
			);
			buildRules = (
			);
			dependencies = (
				B0990F631FF701EC00D5FC43 /* PBXTargetDependency */,
			);
			name = FizzBuzzUITests;
			productName = FizzBuzzUITests;
			productReference = B0990F5D1FF701EC00D5FC43 /* FizzBuzzUITests.xctest */;
			productType = "com.apple.product-type.bundle.ui-testing";
		};
/* End PBXNativeTarget section */

/* Begin PBXProject section */
		B0990F241FF6E32A00D5FC43 /* Project object */ = {
			isa = PBXProject;
			attributes = {
				LastSwiftUpdateCheck = 0920;
				LastUpgradeCheck = 0920;
				ORGANIZATIONNAME = "Domenic Wüthrich";
				TargetAttributes = {
					B0990F2B1FF6E32A00D5FC43 = {
						CreatedOnToolsVersion = 9.2;
						ProvisioningStyle = Automatic;
					};
					B0990F3F1FF6E32B00D5FC43 = {
						CreatedOnToolsVersion = 9.2;
						ProvisioningStyle = Automatic;
						TestTargetID = B0990F2B1FF6E32A00D5FC43;
					};
					B0990F5C1FF701EC00D5FC43 = {
						CreatedOnToolsVersion = 9.2;
						ProvisioningStyle = Automatic;
						TestTargetID = B0990F2B1FF6E32A00D5FC43;
					};
				};
			};
			buildConfigurationList = B0990F271FF6E32A00D5FC43 /* Build configuration list for PBXProject "FizzBuzz" */;
			compatibilityVersion = "Xcode 8.0";
			developmentRegion = en;
			hasScannedForEncodings = 0;
			knownRegions = (
				en,
				Base,
			);
			mainGroup = B0990F231FF6E32A00D5FC43;
			productRefGroup = B0990F2D1FF6E32A00D5FC43 /* Products */;
			projectDirPath = "";
			projectRoot = "";
			targets = (
				B0990F2B1FF6E32A00D5FC43 /* FizzBuzz */,
				B0990F3F1FF6E32B00D5FC43 /* FizzBuzzTests */,
				B0990F5C1FF701EC00D5FC43 /* FizzBuzzUITests */,
			);
		};
/* End PBXProject section */

/* Begin PBXResourcesBuildPhase section */
		B0990F2A1FF6E32A00D5FC43 /* Resources */ = {
			isa = PBXResourcesBuildPhase;
			buildActionMask = 2147483647;
			files = (
				B0F3B4921FF7F7F900AA0A9F /* fbScreenshot.png in Resources */,
				B0990F3A1FF6E32B00D5FC43 /* LaunchScreen.storyboard in Resources */,
				B0990F371FF6E32A00D5FC43 /* Assets.xcassets in Resources */,
				B0990F351FF6E32A00D5FC43 /* Main.storyboard in Resources */,
			);
			runOnlyForDeploymentPostprocessing = 0;
		};
		B0990F3E1FF6E32B00D5FC43 /* Resources */ = {
			isa = PBXResourcesBuildPhase;
			buildActionMask = 2147483647;
			files = (
			);
			runOnlyForDeploymentPostprocessing = 0;
		};
		B0990F5B1FF701EC00D5FC43 /* Resources */ = {
			isa = PBXResourcesBuildPhase;
			buildActionMask = 2147483647;
			files = (
			);
			runOnlyForDeploymentPostprocessing = 0;
		};
/* End PBXResourcesBuildPhase section */

/* Begin PBXSourcesBuildPhase section */
		B0990F281FF6E32A00D5FC43 /* Sources */ = {
			isa = PBXSourcesBuildPhase;
			buildActionMask = 2147483647;
			files = (
				B0990F321FF6E32A00D5FC43 /* ViewController.swift in Sources */,
				B08C09F81FF7964F000A305F /* Theme.swift in Sources */,
				B0990F541FF6F35600D5FC43 /* Game.swift in Sources */,
				B08C09F61FF795FF000A305F /* History.swift in Sources */,
				B0990F521FF6EE4100D5FC43 /* FBType.swift in Sources */,
				B0990F501FF6E3BD00D5FC43 /* Brain.swift in Sources */,
				B0990F301FF6E32A00D5FC43 /* AppDelegate.swift in Sources */,
				B0990F691FF7056900D5FC43 /* UIButtonExtension.swift in Sources */,
			);
			runOnlyForDeploymentPostprocessing = 0;
		};
		B0990F3C1FF6E32B00D5FC43 /* Sources */ = {
			isa = PBXSourcesBuildPhase;
			buildActionMask = 2147483647;
			files = (
				B0990F451FF6E32B00D5FC43 /* FizzBuzzTests.swift in Sources */,
				B0990F561FF6F46200D5FC43 /* GameTest.swift in Sources */,
				B08C09FA1FF79B70000A305F /* HistoryTest.swift in Sources */,
			);
			runOnlyForDeploymentPostprocessing = 0;
		};
		B0990F591FF701EC00D5FC43 /* Sources */ = {
			isa = PBXSourcesBuildPhase;
			buildActionMask = 2147483647;
			files = (
				B0990F671FF701F300D5FC43 /* FizzBuzzUITest.swift in Sources */,
			);
			runOnlyForDeploymentPostprocessing = 0;
		};
/* End PBXSourcesBuildPhase section */

/* Begin PBXTargetDependency section */
		B0990F421FF6E32B00D5FC43 /* PBXTargetDependency */ = {
			isa = PBXTargetDependency;
			target = B0990F2B1FF6E32A00D5FC43 /* FizzBuzz */;
			targetProxy = B0990F411FF6E32B00D5FC43 /* PBXContainerItemProxy */;
		};
		B0990F631FF701EC00D5FC43 /* PBXTargetDependency */ = {
			isa = PBXTargetDependency;
			target = B0990F2B1FF6E32A00D5FC43 /* FizzBuzz */;
			targetProxy = B0990F621FF701EC00D5FC43 /* PBXContainerItemProxy */;
		};
/* End PBXTargetDependency section */

/* Begin PBXVariantGroup section */
		B0990F331FF6E32A00D5FC43 /* Main.storyboard */ = {
			isa = PBXVariantGroup;
			children = (
				B0990F341FF6E32A00D5FC43 /* Base */,
			);
			name = Main.storyboard;
			sourceTree = "<group>";
		};
		B0990F381FF6E32B00D5FC43 /* LaunchScreen.storyboard */ = {
			isa = PBXVariantGroup;
			children = (
				B0990F391FF6E32B00D5FC43 /* Base */,
			);
			name = LaunchScreen.storyboard;
			sourceTree = "<group>";
		};
/* End PBXVariantGroup section */

/* Begin XCBuildConfiguration section */
		B0990F471FF6E32B00D5FC43 /* Debug */ = {
			isa = XCBuildConfiguration;
			buildSettings = {
				ALWAYS_SEARCH_USER_PATHS = NO;
				CLANG_ANALYZER_NONNULL = YES;
				CLANG_ANALYZER_NUMBER_OBJECT_CONVERSION = YES_AGGRESSIVE;
				CLANG_CXX_LANGUAGE_STANDARD = "gnu++14";
				CLANG_CXX_LIBRARY = "libc++";
				CLANG_ENABLE_MODULES = YES;
				CLANG_ENABLE_OBJC_ARC = YES;
				CLANG_WARN_BLOCK_CAPTURE_AUTORELEASING = YES;
				CLANG_WARN_BOOL_CONVERSION = YES;
				CLANG_WARN_COMMA = YES;
				CLANG_WARN_CONSTANT_CONVERSION = YES;
				CLANG_WARN_DIRECT_OBJC_ISA_USAGE = YES_ERROR;
				CLANG_WARN_DOCUMENTATION_COMMENTS = YES;
				CLANG_WARN_EMPTY_BODY = YES;
				CLANG_WARN_ENUM_CONVERSION = YES;
				CLANG_WARN_INFINITE_RECURSION = YES;
				CLANG_WARN_INT_CONVERSION = YES;
				CLANG_WARN_NON_LITERAL_NULL_CONVERSION = YES;
				CLANG_WARN_OBJC_LITERAL_CONVERSION = YES;
				CLANG_WARN_OBJC_ROOT_CLASS = YES_ERROR;
				CLANG_WARN_RANGE_LOOP_ANALYSIS = YES;
				CLANG_WARN_STRICT_PROTOTYPES = YES;
				CLANG_WARN_SUSPICIOUS_MOVE = YES;
				CLANG_WARN_UNGUARDED_AVAILABILITY = YES_AGGRESSIVE;
				CLANG_WARN_UNREACHABLE_CODE = YES;
				CLANG_WARN__DUPLICATE_METHOD_MATCH = YES;
				CODE_SIGN_IDENTITY = "iPhone Developer";
				COPY_PHASE_STRIP = NO;
				DEBUG_INFORMATION_FORMAT = dwarf;
				ENABLE_STRICT_OBJC_MSGSEND = YES;
				ENABLE_TESTABILITY = YES;
				GCC_C_LANGUAGE_STANDARD = gnu11;
				GCC_DYNAMIC_NO_PIC = NO;
				GCC_NO_COMMON_BLOCKS = YES;
				GCC_OPTIMIZATION_LEVEL = 0;
				GCC_PREPROCESSOR_DEFINITIONS = (
					"DEBUG=1",
					"$(inherited)",
				);
				GCC_WARN_64_TO_32_BIT_CONVERSION = YES;
				GCC_WARN_ABOUT_RETURN_TYPE = YES_ERROR;
				GCC_WARN_UNDECLARED_SELECTOR = YES;
				GCC_WARN_UNINITIALIZED_AUTOS = YES_AGGRESSIVE;
				GCC_WARN_UNUSED_FUNCTION = YES;
				GCC_WARN_UNUSED_VARIABLE = YES;
				IPHONEOS_DEPLOYMENT_TARGET = 11.2;
				MTL_ENABLE_DEBUG_INFO = YES;
				ONLY_ACTIVE_ARCH = YES;
				SDKROOT = iphoneos;
				SWIFT_ACTIVE_COMPILATION_CONDITIONS = DEBUG;
				SWIFT_OPTIMIZATION_LEVEL = "-Onone";
			};
			name = Debug;
		};
		B0990F481FF6E32B00D5FC43 /* Release */ = {
			isa = XCBuildConfiguration;
			buildSettings = {
				ALWAYS_SEARCH_USER_PATHS = NO;
				CLANG_ANALYZER_NONNULL = YES;
				CLANG_ANALYZER_NUMBER_OBJECT_CONVERSION = YES_AGGRESSIVE;
				CLANG_CXX_LANGUAGE_STANDARD = "gnu++14";
				CLANG_CXX_LIBRARY = "libc++";
				CLANG_ENABLE_MODULES = YES;
				CLANG_ENABLE_OBJC_ARC = YES;
				CLANG_WARN_BLOCK_CAPTURE_AUTORELEASING = YES;
				CLANG_WARN_BOOL_CONVERSION = YES;
				CLANG_WARN_COMMA = YES;
				CLANG_WARN_CONSTANT_CONVERSION = YES;
				CLANG_WARN_DIRECT_OBJC_ISA_USAGE = YES_ERROR;
				CLANG_WARN_DOCUMENTATION_COMMENTS = YES;
				CLANG_WARN_EMPTY_BODY = YES;
				CLANG_WARN_ENUM_CONVERSION = YES;
				CLANG_WARN_INFINITE_RECURSION = YES;
				CLANG_WARN_INT_CONVERSION = YES;
				CLANG_WARN_NON_LITERAL_NULL_CONVERSION = YES;
				CLANG_WARN_OBJC_LITERAL_CONVERSION = YES;
				CLANG_WARN_OBJC_ROOT_CLASS = YES_ERROR;
				CLANG_WARN_RANGE_LOOP_ANALYSIS = YES;
				CLANG_WARN_STRICT_PROTOTYPES = YES;
				CLANG_WARN_SUSPICIOUS_MOVE = YES;
				CLANG_WARN_UNGUARDED_AVAILABILITY = YES_AGGRESSIVE;
				CLANG_WARN_UNREACHABLE_CODE = YES;
				CLANG_WARN__DUPLICATE_METHOD_MATCH = YES;
				CODE_SIGN_IDENTITY = "iPhone Developer";
				COPY_PHASE_STRIP = NO;
				DEBUG_INFORMATION_FORMAT = "dwarf-with-dsym";
				ENABLE_NS_ASSERTIONS = NO;
				ENABLE_STRICT_OBJC_MSGSEND = YES;
				GCC_C_LANGUAGE_STANDARD = gnu11;
				GCC_NO_COMMON_BLOCKS = YES;
				GCC_WARN_64_TO_32_BIT_CONVERSION = YES;
				GCC_WARN_ABOUT_RETURN_TYPE = YES_ERROR;
				GCC_WARN_UNDECLARED_SELECTOR = YES;
				GCC_WARN_UNINITIALIZED_AUTOS = YES_AGGRESSIVE;
				GCC_WARN_UNUSED_FUNCTION = YES;
				GCC_WARN_UNUSED_VARIABLE = YES;
				IPHONEOS_DEPLOYMENT_TARGET = 11.2;
				MTL_ENABLE_DEBUG_INFO = NO;
				SDKROOT = iphoneos;
				SWIFT_OPTIMIZATION_LEVEL = "-Owholemodule";
				VALIDATE_PRODUCT = YES;
			};
			name = Release;
		};
		B0990F4A1FF6E32B00D5FC43 /* Debug */ = {
			isa = XCBuildConfiguration;
			buildSettings = {
				ASSETCATALOG_COMPILER_APPICON_NAME = AppIcon;
				CODE_SIGN_STYLE = Automatic;
				DEVELOPMENT_TEAM = 28J3L9UEGT;
				INFOPLIST_FILE = FizzBuzz/Info.plist;
				IPHONEOS_DEPLOYMENT_TARGET = 11.0;
				LD_RUNPATH_SEARCH_PATHS = "$(inherited) @executable_path/Frameworks";
				PRODUCT_BUNDLE_IDENTIFIER = com.domenic.FizzBuzz;
				PRODUCT_NAME = "$(TARGET_NAME)";
				SWIFT_VERSION = 4.0;
				TARGETED_DEVICE_FAMILY = "1,2";
			};
			name = Debug;
		};
		B0990F4B1FF6E32B00D5FC43 /* Release */ = {
			isa = XCBuildConfiguration;
			buildSettings = {
				ASSETCATALOG_COMPILER_APPICON_NAME = AppIcon;
				CODE_SIGN_STYLE = Automatic;
				DEVELOPMENT_TEAM = 28J3L9UEGT;
				INFOPLIST_FILE = FizzBuzz/Info.plist;
				IPHONEOS_DEPLOYMENT_TARGET = 11.0;
				LD_RUNPATH_SEARCH_PATHS = "$(inherited) @executable_path/Frameworks";
				PRODUCT_BUNDLE_IDENTIFIER = com.domenic.FizzBuzz;
				PRODUCT_NAME = "$(TARGET_NAME)";
				SWIFT_VERSION = 4.0;
				TARGETED_DEVICE_FAMILY = "1,2";
			};
			name = Release;
		};
		B0990F4D1FF6E32B00D5FC43 /* Debug */ = {
			isa = XCBuildConfiguration;
			buildSettings = {
				ALWAYS_EMBED_SWIFT_STANDARD_LIBRARIES = YES;
				BUNDLE_LOADER = "$(TEST_HOST)";
				CODE_SIGN_STYLE = Automatic;
				INFOPLIST_FILE = FizzBuzzTests/Info.plist;
				LD_RUNPATH_SEARCH_PATHS = "$(inherited) @executable_path/Frameworks @loader_path/Frameworks";
				PRODUCT_BUNDLE_IDENTIFIER = com.domenic.FizzBuzzTests;
				PRODUCT_NAME = "$(TARGET_NAME)";
				SWIFT_VERSION = 4.0;
				TARGETED_DEVICE_FAMILY = "1,2";
				TEST_HOST = "$(BUILT_PRODUCTS_DIR)/FizzBuzz.app/FizzBuzz";
			};
			name = Debug;
		};
		B0990F4E1FF6E32B00D5FC43 /* Release */ = {
			isa = XCBuildConfiguration;
			buildSettings = {
				ALWAYS_EMBED_SWIFT_STANDARD_LIBRARIES = YES;
				BUNDLE_LOADER = "$(TEST_HOST)";
				CODE_SIGN_STYLE = Automatic;
				INFOPLIST_FILE = FizzBuzzTests/Info.plist;
				LD_RUNPATH_SEARCH_PATHS = "$(inherited) @executable_path/Frameworks @loader_path/Frameworks";
				PRODUCT_BUNDLE_IDENTIFIER = com.domenic.FizzBuzzTests;
				PRODUCT_NAME = "$(TARGET_NAME)";
				SWIFT_VERSION = 4.0;
				TARGETED_DEVICE_FAMILY = "1,2";
				TEST_HOST = "$(BUILT_PRODUCTS_DIR)/FizzBuzz.app/FizzBuzz";
			};
			name = Release;
		};
		B0990F651FF701EC00D5FC43 /* Debug */ = {
			isa = XCBuildConfiguration;
			buildSettings = {
				CODE_SIGN_STYLE = Automatic;
				DEVELOPMENT_TEAM = 28J3L9UEGT;
				INFOPLIST_FILE = FizzBuzzUITests/Info.plist;
				LD_RUNPATH_SEARCH_PATHS = "$(inherited) @executable_path/Frameworks @loader_path/Frameworks";
				PRODUCT_BUNDLE_IDENTIFIER = com.domenic.FizzBuzzUITests;
				PRODUCT_NAME = "$(TARGET_NAME)";
				SWIFT_VERSION = 4.0;
				TARGETED_DEVICE_FAMILY = "1,2";
				TEST_TARGET_NAME = FizzBuzz;
			};
			name = Debug;
		};
		B0990F661FF701EC00D5FC43 /* Release */ = {
			isa = XCBuildConfiguration;
			buildSettings = {
				CODE_SIGN_STYLE = Automatic;
				DEVELOPMENT_TEAM = 28J3L9UEGT;
				INFOPLIST_FILE = FizzBuzzUITests/Info.plist;
				LD_RUNPATH_SEARCH_PATHS = "$(inherited) @executable_path/Frameworks @loader_path/Frameworks";
				PRODUCT_BUNDLE_IDENTIFIER = com.domenic.FizzBuzzUITests;
				PRODUCT_NAME = "$(TARGET_NAME)";
				SWIFT_VERSION = 4.0;
				TARGETED_DEVICE_FAMILY = "1,2";
				TEST_TARGET_NAME = FizzBuzz;
			};
			name = Release;
		};
/* End XCBuildConfiguration section */

/* Begin XCConfigurationList section */
		B0990F271FF6E32A00D5FC43 /* Build configuration list for PBXProject "FizzBuzz" */ = {
			isa = XCConfigurationList;
			buildConfigurations = (
				B0990F471FF6E32B00D5FC43 /* Debug */,
				B0990F481FF6E32B00D5FC43 /* Release */,
			);
			defaultConfigurationIsVisible = 0;
			defaultConfigurationName = Release;
		};
		B0990F491FF6E32B00D5FC43 /* Build configuration list for PBXNativeTarget "FizzBuzz" */ = {
			isa = XCConfigurationList;
			buildConfigurations = (
				B0990F4A1FF6E32B00D5FC43 /* Debug */,
				B0990F4B1FF6E32B00D5FC43 /* Release */,
			);
			defaultConfigurationIsVisible = 0;
			defaultConfigurationName = Release;
		};
		B0990F4C1FF6E32B00D5FC43 /* Build configuration list for PBXNativeTarget "FizzBuzzTests" */ = {
			isa = XCConfigurationList;
			buildConfigurations = (
				B0990F4D1FF6E32B00D5FC43 /* Debug */,
				B0990F4E1FF6E32B00D5FC43 /* Release */,
			);
			defaultConfigurationIsVisible = 0;
			defaultConfigurationName = Release;
		};
		B0990F641FF701EC00D5FC43 /* Build configuration list for PBXNativeTarget "FizzBuzzUITests" */ = {
			isa = XCConfigurationList;
			buildConfigurations = (
				B0990F651FF701EC00D5FC43 /* Debug */,
				B0990F661FF701EC00D5FC43 /* Release */,
			);
			defaultConfigurationIsVisible = 0;
			defaultConfigurationName = Release;
		};
/* End XCConfigurationList section */
	};
	rootObject = B0990F241FF6E32A00D5FC43 /* Project object */;
}
